
Microsoft Visual Studio Solution File, Format Version 12.00
# Visual Studio 15
VisualStudioVersion = 15.0.28010.2046
MinimumVisualStudioVersion = 10.0.40219.1
Project("{FAE04EC0-301F-11D3-BF4B-00C04F79EFBC}") = "ContentModerator", "ContentModerator\ContentModerator.csproj", "{FC72C0AB-E3E1-449D-AF59-CD725D36B75A}"
EndProject
Global
	GlobalSection(SolutionConfigurationPlatforms) = preSolution
		Debug|Any CPU = Debug|Any CPU
		Release|Any CPU = Release|Any CPU
	EndGlobalSection
	GlobalSection(ProjectConfigurationPlatforms) = postSolution
		{FC72C0AB-E3E1-449D-AF59-CD725D36B75A}.Debug|Any CPU.ActiveCfg = Debug|Any CPU
		{FC72C0AB-E3E1-449D-AF59-CD725D36B75A}.Debug|Any CPU.Build.0 = Debug|Any CPU
		{FC72C0AB-E3E1-449D-AF59-CD725D36B75A}.Release|Any CPU.ActiveCfg = Release|Any CPU
		{FC72C0AB-E3E1-449D-AF59-CD725D36B75A}.Release|Any CPU.Build.0 = Release|Any CPU
	EndGlobalSection
	GlobalSection(SolutionProperties) = preSolution
		HideSolutionNode = FALSE
	EndGlobalSection
	GlobalSection(ExtensibilityGlobals) = postSolution
		SolutionGuid = {E2E12881-1FAF-487D-A178-72331214D8E5}
	EndGlobalSection
EndGlobal
